// !$*UTF8*$!
{
	archiveVersion = 1;
	classes = {
	};
	objectVersion = 56;
	objects = {

/* Begin PBXBuildFile section */
		8AFF0C742C8AF517003F271A /* InstagramReelsUIApp.swift in Sources */ = {isa = PBXBuildFile; fileRef = 8AFF0C732C8AF517003F271A /* InstagramReelsUIApp.swift */; };
		8AFF0C762C8AF517003F271A /* ContentView.swift in Sources */ = {isa = PBXBuildFile; fileRef = 8AFF0C752C8AF517003F271A /* ContentView.swift */; };
		8AFF0C782C8AF519003F271A /* Assets.xcassets in Resources */ = {isa = PBXBuildFile; fileRef = 8AFF0C772C8AF519003F271A /* Assets.xcassets */; };
		8AFF0C7B2C8AF519003F271A /* Preview Assets.xcassets in Resources */ = {isa = PBXBuildFile; fileRef = 8AFF0C7A2C8AF519003F271A /* Preview Assets.xcassets */; };
		8AFF0C872C8AF6A8003F271A /* bronco_1.mp4 in Resources */ = {isa = PBXBuildFile; fileRef = 8AFF0C812C8AF6A8003F271A /* bronco_1.mp4 */; };
		8AFF0C882C8AF6A8003F271A /* jeep_03.mp4 in Resources */ = {isa = PBXBuildFile; fileRef = 8AFF0C822C8AF6A8003F271A /* jeep_03.mp4 */; };
		8AFF0C892C8AF6A8003F271A /* jeep_02.mp4 in Resources */ = {isa = PBXBuildFile; fileRef = 8AFF0C832C8AF6A8003F271A /* jeep_02.mp4 */; };
		8AFF0C8A2C8AF6A8003F271A /* jeep_01.mp4 in Resources */ = {isa = PBXBuildFile; fileRef = 8AFF0C842C8AF6A8003F271A /* jeep_01.mp4 */; };
		8AFF0C8B2C8AF6A8003F271A /* bronco_2.mp4 in Resources */ = {isa = PBXBuildFile; fileRef = 8AFF0C852C8AF6A8003F271A /* bronco_2.mp4 */; };
		8AFF0C8C2C8AF6A8003F271A /* mario_01.mp4 in Resources */ = {isa = PBXBuildFile; fileRef = 8AFF0C862C8AF6A8003F271A /* mario_01.mp4 */; };
/* End PBXBuildFile section */

/* Begin PBXFileReference section */
		8AFF0C702C8AF517003F271A /* InstagramReelsUI.app */ = {isa = PBXFileReference; explicitFileType = wrapper.application; includeInIndex = 0; path = InstagramReelsUI.app; sourceTree = BUILT_PRODUCTS_DIR; };
		8AFF0C732C8AF517003F271A /* InstagramReelsUIApp.swift */ = {isa = PBXFileReference; lastKnownFileType = sourcecode.swift; path = InstagramReelsUIApp.swift; sourceTree = "<group>"; };
		8AFF0C752C8AF517003F271A /* ContentView.swift */ = {isa = PBXFileReference; lastKnownFileType = sourcecode.swift; path = ContentView.swift; sourceTree = "<group>"; };
		8AFF0C772C8AF519003F271A /* Assets.xcassets */ = {isa = PBXFileReference; lastKnownFileType = folder.assetcatalog; path = Assets.xcassets; sourceTree = "<group>"; };
		8AFF0C7A2C8AF519003F271A /* Preview Assets.xcassets */ = {isa = PBXFileReference; lastKnownFileType = folder.assetcatalog; path = "Preview Assets.xcassets"; sourceTree = "<group>"; };
		8AFF0C812C8AF6A8003F271A /* bronco_1.mp4 */ = {isa = PBXFileReference; lastKnownFileType = file; path = bronco_1.mp4; sourceTree = "<group>"; };
		8AFF0C822C8AF6A8003F271A /* jeep_03.mp4 */ = {isa = PBXFileReference; lastKnownFileType = file; path = jeep_03.mp4; sourceTree = "<group>"; };
		8AFF0C832C8AF6A8003F271A /* jeep_02.mp4 */ = {isa = PBXFileReference; lastKnownFileType = file; path = jeep_02.mp4; sourceTree = "<group>"; };
		8AFF0C842C8AF6A8003F271A /* jeep_01.mp4 */ = {isa = PBXFileReference; lastKnownFileType = file; path = jeep_01.mp4; sourceTree = "<group>"; };
		8AFF0C852C8AF6A8003F271A /* bronco_2.mp4 */ = {isa = PBXFileReference; lastKnownFileType = file; path = bronco_2.mp4; sourceTree = "<group>"; };
		8AFF0C862C8AF6A8003F271A /* mario_01.mp4 */ = {isa = PBXFileReference; lastKnownFileType = file; path = mario_01.mp4; sourceTree = "<group>"; };
/* End PBXFileReference section */

/* Begin PBXFrameworksBuildPhase section */
		8AFF0C6D2C8AF517003F271A /* Frameworks */ = {
			isa = PBXFrameworksBuildPhase;
			buildActionMask = 2147483647;
			files = (
			);
			runOnlyForDeploymentPostprocessing = 0;
		};
/* End PBXFrameworksBuildPhase section */

/* Begin PBXGroup section */
		8AFF0C672C8AF517003F271A = {
			isa = PBXGroup;
			children = (
				8AFF0C812C8AF6A8003F271A /* bronco_1.mp4 */,
				8AFF0C852C8AF6A8003F271A /* bronco_2.mp4 */,
				8AFF0C842C8AF6A8003F271A /* jeep_01.mp4 */,
				8AFF0C832C8AF6A8003F271A /* jeep_02.mp4 */,
				8AFF0C822C8AF6A8003F271A /* jeep_03.mp4 */,
				8AFF0C862C8AF6A8003F271A /* mario_01.mp4 */,
				8AFF0C722C8AF517003F271A /* InstagramReelsUI */,
				8AFF0C712C8AF517003F271A /* Products */,
			);
			sourceTree = "<group>";
		};
		8AFF0C712C8AF517003F271A /* Products */ = {
			isa = PBXGroup;
			children = (
				8AFF0C702C8AF517003F271A /* InstagramReelsUI.app */,
			);
			name = Products;
			sourceTree = "<group>";
		};
		8AFF0C722C8AF517003F271A /* InstagramReelsUI */ = {
			isa = PBXGroup;
			children = (
				8AFF0C8E2C8AF6E7003F271A /* Model */,
				8AFF0C8D2C8AF6E2003F271A /* View */,
				8AFF0C732C8AF517003F271A /* InstagramReelsUIApp.swift */,
				8AFF0C752C8AF517003F271A /* ContentView.swift */,
				8AFF0C772C8AF519003F271A /* Assets.xcassets */,
				8AFF0C792C8AF519003F271A /* Preview Content */,
			);
			path = InstagramReelsUI;
			sourceTree = "<group>";
		};
		8AFF0C792C8AF519003F271A /* Preview Content */ = {
			isa = PBXGroup;
			children = (
				8AFF0C7A2C8AF519003F271A /* Preview Assets.xcassets */,
			);
			path = "Preview Content";
			sourceTree = "<group>";
		};
		8AFF0C8D2C8AF6E2003F271A /* View */ = {
			isa = PBXGroup;
			children = (
			);
			path = View;
			sourceTree = "<group>";
		};
		8AFF0C8E2C8AF6E7003F271A /* Model */ = {
			isa = PBXGroup;
			children = (
			);
			path = Model;
			sourceTree = "<group>";
		};
/* End PBXGroup section */

/* Begin PBXNativeTarget section */
		8AFF0C6F2C8AF517003F271A /* InstagramReelsUI */ = {
			isa = PBXNativeTarget;
			buildConfigurationList = 8AFF0C7E2C8AF519003F271A /* Build configuration list for PBXNativeTarget "InstagramReelsUI" */;
			buildPhases = (
				8AFF0C6C2C8AF517003F271A /* Sources */,
				8AFF0C6D2C8AF517003F271A /* Frameworks */,
				8AFF0C6E2C8AF517003F271A /* Resources */,
			);
			buildRules = (
			);
			dependencies = (
			);
			name = InstagramReelsUI;
			productName = InstagramReelsUI;
			productReference = 8AFF0C702C8AF517003F271A /* InstagramReelsUI.app */;
			productType = "com.apple.product-type.application";
		};
/* End PBXNativeTarget section */

/* Begin PBXProject section */
		8AFF0C682C8AF517003F271A /* Project object */ = {
			isa = PBXProject;
			attributes = {
				BuildIndependentTargetsInParallel = 1;
				LastSwiftUpdateCheck = 1500;
				LastUpgradeCheck = 1500;
				TargetAttributes = {
					8AFF0C6F2C8AF517003F271A = {
						CreatedOnToolsVersion = 15.0.1;
					};
				};
			};
			buildConfigurationList = 8AFF0C6B2C8AF517003F271A /* Build configuration list for PBXProject "InstagramReelsUI" */;
			compatibilityVersion = "Xcode 14.0";
			developmentRegion = en;
			hasScannedForEncodings = 0;
			knownRegions = (
				en,
				Base,
			);
			mainGroup = 8AFF0C672C8AF517003F271A;
			productRefGroup = 8AFF0C712C8AF517003F271A /* Products */;
			projectDirPath = "";
			projectRoot = "";
			targets = (
				8AFF0C6F2C8AF517003F271A /* InstagramReelsUI */,
			);
		};
/* End PBXProject section */

/* Begin PBXResourcesBuildPhase section */
		8AFF0C6E2C8AF517003F271A /* Resources */ = {
			isa = PBXResourcesBuildPhase;
			buildActionMask = 2147483647;
			files = (
				8AFF0C872C8AF6A8003F271A /* bronco_1.mp4 in Resources */,
				8AFF0C882C8AF6A8003F271A /* jeep_03.mp4 in Resources */,
				8AFF0C892C8AF6A8003F271A /* jeep_02.mp4 in Resources */,
				8AFF0C8A2C8AF6A8003F271A /* jeep_01.mp4 in Resources */,
				8AFF0C8B2C8AF6A8003F271A /* bronco_2.mp4 in Resources */,
				8AFF0C8C2C8AF6A8003F271A /* mario_01.mp4 in Resources */,
				8AFF0C7B2C8AF519003F271A /* Preview Assets.xcassets in Resources */,
				8AFF0C782C8AF519003F271A /* Assets.xcassets in Resources */,
			);
			runOnlyForDeploymentPostprocessing = 0;
		};
/* End PBXResourcesBuildPhase section */

/* Begin PBXSourcesBuildPhase section */
		8AFF0C6C2C8AF517003F271A /* Sources */ = {
			isa = PBXSourcesBuildPhase;
			buildActionMask = 2147483647;
			files = (
				8AFF0C762C8AF517003F271A /* ContentView.swift in Sources */,
				8AFF0C742C8AF517003F271A /* InstagramReelsUIApp.swift in Sources */,
			);
			runOnlyForDeploymentPostprocessing = 0;
		};
/* End PBXSourcesBuildPhase section */

/* Begin XCBuildConfiguration section */
		8AFF0C7C2C8AF519003F271A /* Debug */ = {
			isa = XCBuildConfiguration;
			buildSettings = {
				ALWAYS_SEARCH_USER_PATHS = NO;
				ASSETCATALOG_COMPILER_GENERATE_SWIFT_ASSET_SYMBOL_EXTENSIONS = YES;
				CLANG_ANALYZER_NONNULL = YES;
				CLANG_ANALYZER_NUMBER_OBJECT_CONVERSION = YES_AGGRESSIVE;
				CLANG_CXX_LANGUAGE_STANDARD = "gnu++20";
				CLANG_ENABLE_MODULES = YES;
				CLANG_ENABLE_OBJC_ARC = YES;
				CLANG_ENABLE_OBJC_WEAK = YES;
				CLANG_WARN_BLOCK_CAPTURE_AUTORELEASING = YES;
				CLANG_WARN_BOOL_CONVERSION = YES;
				CLANG_WARN_COMMA = YES;
				CLANG_WARN_CONSTANT_CONVERSION = YES;
				CLANG_WARN_DEPRECATED_OBJC_IMPLEMENTATIONS = YES;
				CLANG_WARN_DIRECT_OBJC_ISA_USAGE = YES_ERROR;
				CLANG_WARN_DOCUMENTATION_COMMENTS = YES;
				CLANG_WARN_EMPTY_BODY = YES;
				CLANG_WARN_ENUM_CONVERSION = YES;
				CLANG_WARN_INFINITE_RECURSION = YES;
				CLANG_WARN_INT_CONVERSION = YES;
				CLANG_WARN_NON_LITERAL_NULL_CONVERSION = YES;
				CLANG_WARN_OBJC_IMPLICIT_RETAIN_SELF = YES;
				CLANG_WARN_OBJC_LITERAL_CONVERSION = YES;
				CLANG_WARN_OBJC_ROOT_CLASS = YES_ERROR;
				CLANG_WARN_QUOTED_INCLUDE_IN_FRAMEWORK_HEADER = YES;
				CLANG_WARN_RANGE_LOOP_ANALYSIS = YES;
				CLANG_WARN_STRICT_PROTOTYPES = YES;
				CLANG_WARN_SUSPICIOUS_MOVE = YES;
				CLANG_WARN_UNGUARDED_AVAILABILITY = YES_AGGRESSIVE;
				CLANG_WARN_UNREACHABLE_CODE = YES;
				CLANG_WARN__DUPLICATE_METHOD_MATCH = YES;
				COPY_PHASE_STRIP = NO;
				DEBUG_INFORMATION_FORMAT = dwarf;
				ENABLE_STRICT_OBJC_MSGSEND = YES;
				ENABLE_TESTABILITY = YES;
				ENABLE_USER_SCRIPT_SANDBOXING = YES;
				GCC_C_LANGUAGE_STANDARD = gnu17;
				GCC_DYNAMIC_NO_PIC = NO;
				GCC_NO_COMMON_BLOCKS = YES;
				GCC_OPTIMIZATION_LEVEL = 0;
				GCC_PREPROCESSOR_DEFINITIONS = (
					"DEBUG=1",
					"$(inherited)",
				);
				GCC_WARN_64_TO_32_BIT_CONVERSION = YES;
				GCC_WARN_ABOUT_RETURN_TYPE = YES_ERROR;
				GCC_WARN_UNDECLARED_SELECTOR = YES;
				GCC_WARN_UNINITIALIZED_AUTOS = YES_AGGRESSIVE;
				GCC_WARN_UNUSED_FUNCTION = YES;
				GCC_WARN_UNUSED_VARIABLE = YES;
				IPHONEOS_DEPLOYMENT_TARGET = 17.0;
				LOCALIZATION_PREFERS_STRING_CATALOGS = YES;
				MTL_ENABLE_DEBUG_INFO = INCLUDE_SOURCE;
				MTL_FAST_MATH = YES;
				ONLY_ACTIVE_ARCH = YES;
				SDKROOT = iphoneos;
				SWIFT_ACTIVE_COMPILATION_CONDITIONS = "DEBUG $(inherited)";
				SWIFT_OPTIMIZATION_LEVEL = "-Onone";
			};
			name = Debug;
		};
		8AFF0C7D2C8AF519003F271A /* Release */ = {
			isa = XCBuildConfiguration;
			buildSettings = {
				ALWAYS_SEARCH_USER_PATHS = NO;
				ASSETCATALOG_COMPILER_GENERATE_SWIFT_ASSET_SYMBOL_EXTENSIONS = YES;
				CLANG_ANALYZER_NONNULL = YES;
				CLANG_ANALYZER_NUMBER_OBJECT_CONVERSION = YES_AGGRESSIVE;
				CLANG_CXX_LANGUAGE_STANDARD = "gnu++20";
				CLANG_ENABLE_MODULES = YES;
				CLANG_ENABLE_OBJC_ARC = YES;
				CLANG_ENABLE_OBJC_WEAK = YES;
				CLANG_WARN_BLOCK_CAPTURE_AUTORELEASING = YES;
				CLANG_WARN_BOOL_CONVERSION = YES;
				CLANG_WARN_COMMA = YES;
				CLANG_WARN_CONSTANT_CONVERSION = YES;
				CLANG_WARN_DEPRECATED_OBJC_IMPLEMENTATIONS = YES;
				CLANG_WARN_DIRECT_OBJC_ISA_USAGE = YES_ERROR;
				CLANG_WARN_DOCUMENTATION_COMMENTS = YES;
				CLANG_WARN_EMPTY_BODY = YES;
				CLANG_WARN_ENUM_CONVERSION = YES;
				CLANG_WARN_INFINITE_RECURSION = YES;
				CLANG_WARN_INT_CONVERSION = YES;
				CLANG_WARN_NON_LITERAL_NULL_CONVERSION = YES;
				CLANG_WARN_OBJC_IMPLICIT_RETAIN_SELF = YES;
				CLANG_WARN_OBJC_LITERAL_CONVERSION = YES;
				CLANG_WARN_OBJC_ROOT_CLASS = YES_ERROR;
				CLANG_WARN_QUOTED_INCLUDE_IN_FRAMEWORK_HEADER = YES;
				CLANG_WARN_RANGE_LOOP_ANALYSIS = YES;
				CLANG_WARN_STRICT_PROTOTYPES = YES;
				CLANG_WARN_SUSPICIOUS_MOVE = YES;
				CLANG_WARN_UNGUARDED_AVAILABILITY = YES_AGGRESSIVE;
				CLANG_WARN_UNREACHABLE_CODE = YES;
				CLANG_WARN__DUPLICATE_METHOD_MATCH = YES;
				COPY_PHASE_STRIP = NO;
				DEBUG_INFORMATION_FORMAT = "dwarf-with-dsym";
				ENABLE_NS_ASSERTIONS = NO;
				ENABLE_STRICT_OBJC_MSGSEND = YES;
				ENABLE_USER_SCRIPT_SANDBOXING = YES;
				GCC_C_LANGUAGE_STANDARD = gnu17;
				GCC_NO_COMMON_BLOCKS = YES;
				GCC_WARN_64_TO_32_BIT_CONVERSION = YES;
				GCC_WARN_ABOUT_RETURN_TYPE = YES_ERROR;
				GCC_WARN_UNDECLARED_SELECTOR = YES;
				GCC_WARN_UNINITIALIZED_AUTOS = YES_AGGRESSIVE;
				GCC_WARN_UNUSED_FUNCTION = YES;
				GCC_WARN_UNUSED_VARIABLE = YES;
				IPHONEOS_DEPLOYMENT_TARGET = 17.0;
				LOCALIZATION_PREFERS_STRING_CATALOGS = YES;
				MTL_ENABLE_DEBUG_INFO = NO;
				MTL_FAST_MATH = YES;
				SDKROOT = iphoneos;
				SWIFT_COMPILATION_MODE = wholemodule;
				VALIDATE_PRODUCT = YES;
			};
			name = Release;
		};
		8AFF0C7F2C8AF519003F271A /* Debug */ = {
			isa = XCBuildConfiguration;
			buildSettings = {
				ASSETCATALOG_COMPILER_APPICON_NAME = AppIcon;
				ASSETCATALOG_COMPILER_GLOBAL_ACCENT_COLOR_NAME = AccentColor;
				CODE_SIGN_STYLE = Automatic;
				CURRENT_PROJECT_VERSION = 1;
				DEVELOPMENT_ASSET_PATHS = "\"InstagramReelsUI/Preview Content\"";
				ENABLE_PREVIEWS = YES;
				GENERATE_INFOPLIST_FILE = YES;
				INFOPLIST_KEY_UIApplicationSceneManifest_Generation = YES;
				INFOPLIST_KEY_UIApplicationSupportsIndirectInputEvents = YES;
				INFOPLIST_KEY_UILaunchScreen_Generation = YES;
				INFOPLIST_KEY_UISupportedInterfaceOrientations_iPad = "UIInterfaceOrientationPortrait UIInterfaceOrientationPortraitUpsideDown UIInterfaceOrientationLandscapeLeft UIInterfaceOrientationLandscapeRight";
				INFOPLIST_KEY_UISupportedInterfaceOrientations_iPhone = "UIInterfaceOrientationPortrait UIInterfaceOrientationLandscapeLeft UIInterfaceOrientationLandscapeRight";
				LD_RUNPATH_SEARCH_PATHS = (
					"$(inherited)",
					"@executable_path/Frameworks",
				);
				MARKETING_VERSION = 1.0;
				PRODUCT_BUNDLE_IDENTIFIER = com.ua.InstagramReelsUI;
				PRODUCT_NAME = "$(TARGET_NAME)";
				SWIFT_EMIT_LOC_STRINGS = YES;
				SWIFT_VERSION = 5.0;
				TARGETED_DEVICE_FAMILY = "1,2";
			};
			name = Debug;
		};
		8AFF0C802C8AF519003F271A /* Release */ = {
			isa = XCBuildConfiguration;
			buildSettings = {
				ASSETCATALOG_COMPILER_APPICON_NAME = AppIcon;
				ASSETCATALOG_COMPILER_GLOBAL_ACCENT_COLOR_NAME = AccentColor;
				CODE_SIGN_STYLE = Automatic;
				CURRENT_PROJECT_VERSION = 1;
				DEVELOPMENT_ASSET_PATHS = "\"InstagramReelsUI/Preview Content\"";
				ENABLE_PREVIEWS = YES;
				GENERATE_INFOPLIST_FILE = YES;
				INFOPLIST_KEY_UIApplicationSceneManifest_Generation = YES;
				INFOPLIST_KEY_UIApplicationSupportsIndirectInputEvents = YES;
				INFOPLIST_KEY_UILaunchScreen_Generation = YES;
				INFOPLIST_KEY_UISupportedInterfaceOrientations_iPad = "UIInterfaceOrientationPortrait UIInterfaceOrientationPortraitUpsideDown UIInterfaceOrientationLandscapeLeft UIInterfaceOrientationLandscapeRight";
				INFOPLIST_KEY_UISupportedInterfaceOrientations_iPhone = "UIInterfaceOrientationPortrait UIInterfaceOrientationLandscapeLeft UIInterfaceOrientationLandscapeRight";
				LD_RUNPATH_SEARCH_PATHS = (
					"$(inherited)",
					"@executable_path/Frameworks",
				);
				MARKETING_VERSION = 1.0;
				PRODUCT_BUNDLE_IDENTIFIER = com.ua.InstagramReelsUI;
				PRODUCT_NAME = "$(TARGET_NAME)";
				SWIFT_EMIT_LOC_STRINGS = YES;
				SWIFT_VERSION = 5.0;
				TARGETED_DEVICE_FAMILY = "1,2";
			};
			name = Release;
		};
/* End XCBuildConfiguration section */

/* Begin XCConfigurationList section */
		8AFF0C6B2C8AF517003F271A /* Build configuration list for PBXProject "InstagramReelsUI" */ = {
			isa = XCConfigurationList;
			buildConfigurations = (
				8AFF0C7C2C8AF519003F271A /* Debug */,
				8AFF0C7D2C8AF519003F271A /* Release */,
			);
			defaultConfigurationIsVisible = 0;
			defaultConfigurationName = Release;
		};
		8AFF0C7E2C8AF519003F271A /* Build configuration list for PBXNativeTarget "InstagramReelsUI" */ = {
			isa = XCConfigurationList;
			buildConfigurations = (
				8AFF0C7F2C8AF519003F271A /* Debug */,
				8AFF0C802C8AF519003F271A /* Release */,
			);
			defaultConfigurationIsVisible = 0;
			defaultConfigurationName = Release;
		};
/* End XCConfigurationList section */
	};
	rootObject = 8AFF0C682C8AF517003F271A /* Project object */;
}
